
Microsoft Visual Studio Solution File, Format Version 12.00
# Visual Studio Version 17
VisualStudioVersion = 17.11.35208.52
MinimumVisualStudioVersion = 10.0.40219.1
Project("{FAE04EC0-301F-11D3-BF4B-00C04F79EFBC}") = "project_with_moshi_part1", "project_with_moshi_part1\project_with_moshi_part1.csproj", "{084421B4-1E42-4F9A-9D1D-CA2B33D2C3D5}"
EndProject
Global
	GlobalSection(SolutionConfigurationPlatforms) = preSolution
		Debug|Any CPU = Debug|Any CPU
		Release|Any CPU = Release|Any CPU
	EndGlobalSection
	GlobalSection(ProjectConfigurationPlatforms) = postSolution
		{084421B4-1E42-4F9A-9D1D-CA2B33D2C3D5}.Debug|Any CPU.ActiveCfg = Debug|Any CPU
		{084421B4-1E42-4F9A-9D1D-CA2B33D2C3D5}.Debug|Any CPU.Build.0 = Debug|Any CPU
		{084421B4-1E42-4F9A-9D1D-CA2B33D2C3D5}.Release|Any CPU.ActiveCfg = Release|Any CPU
		{084421B4-1E42-4F9A-9D1D-CA2B33D2C3D5}.Release|Any CPU.Build.0 = Release|Any CPU
	EndGlobalSection
	GlobalSection(SolutionProperties) = preSolution
		HideSolutionNode = FALSE
	EndGlobalSection
	GlobalSection(ExtensibilityGlobals) = postSolution
		SolutionGuid = {499CEB90-7969-4AE8-A307-415F73969098}
	EndGlobalSection
EndGlobal
